
Microsoft Visual Studio Solution File, Format Version 12.00
# Visual Studio 15
VisualStudioVersion = 15.0.26124.0
MinimumVisualStudioVersion = 15.0.26124.0
Project("{2150E333-8FDC-42A3-9474-1A3956D46DE8}") = "src", "src", "{011216DA-75B3-4FC3-B65B-7EA2C41087B2}"
EndProject
Project("{FAE04EC0-301F-11D3-BF4B-00C04F79EFBC}") = "GradeBook", "src\GradeBook\GradeBook.csproj", "{2331E01B-CFB9-4DBE-997F-606D9289FC19}"
EndProject
Project("{2150E333-8FDC-42A3-9474-1A3956D46DE8}") = "test", "test", "{E6012CD9-BE09-4BDD-B079-431E78FD85AC}"
EndProject
Project("{FAE04EC0-301F-11D3-BF4B-00C04F79EFBC}") = "GradeBook.Tests", "test\GradeBook.Tests\GradeBook.Tests.csproj", "{AC908652-FB6E-4153-978D-D73D0490020D}"
EndProject
Global
	GlobalSection(SolutionConfigurationPlatforms) = preSolution
		Debug|Any CPU = Debug|Any CPU
		Debug|x64 = Debug|x64
		Debug|x86 = Debug|x86
		Release|Any CPU = Release|Any CPU
		Release|x64 = Release|x64
		Release|x86 = Release|x86
	EndGlobalSection
	GlobalSection(SolutionProperties) = preSolution
		HideSolutionNode = FALSE
	EndGlobalSection
	GlobalSection(ProjectConfigurationPlatforms) = postSolution
		{2331E01B-CFB9-4DBE-997F-606D9289FC19}.Debug|Any CPU.ActiveCfg = Debug|Any CPU
		{2331E01B-CFB9-4DBE-997F-606D9289FC19}.Debug|Any CPU.Build.0 = Debug|Any CPU
		{2331E01B-CFB9-4DBE-997F-606D9289FC19}.Debug|x64.ActiveCfg = Debug|Any CPU
		{2331E01B-CFB9-4DBE-997F-606D9289FC19}.Debug|x64.Build.0 = Debug|Any CPU
		{2331E01B-CFB9-4DBE-997F-606D9289FC19}.Debug|x86.ActiveCfg = Debug|Any CPU
		{2331E01B-CFB9-4DBE-997F-606D9289FC19}.Debug|x86.Build.0 = Debug|Any CPU
		{2331E01B-CFB9-4DBE-997F-606D9289FC19}.Release|Any CPU.ActiveCfg = Release|Any CPU
		{2331E01B-CFB9-4DBE-997F-606D9289FC19}.Release|Any CPU.Build.0 = Release|Any CPU
		{2331E01B-CFB9-4DBE-997F-606D9289FC19}.Release|x64.ActiveCfg = Release|Any CPU
		{2331E01B-CFB9-4DBE-997F-606D9289FC19}.Release|x64.Build.0 = Release|Any CPU
		{2331E01B-CFB9-4DBE-997F-606D9289FC19}.Release|x86.ActiveCfg = Release|Any CPU
		{2331E01B-CFB9-4DBE-997F-606D9289FC19}.Release|x86.Build.0 = Release|Any CPU
		{AC908652-FB6E-4153-978D-D73D0490020D}.Debug|Any CPU.ActiveCfg = Debug|Any CPU
		{AC908652-FB6E-4153-978D-D73D0490020D}.Debug|Any CPU.Build.0 = Debug|Any CPU
		{AC908652-FB6E-4153-978D-D73D0490020D}.Debug|x64.ActiveCfg = Debug|Any CPU
		{AC908652-FB6E-4153-978D-D73D0490020D}.Debug|x64.Build.0 = Debug|Any CPU
		{AC908652-FB6E-4153-978D-D73D0490020D}.Debug|x86.ActiveCfg = Debug|Any CPU
		{AC908652-FB6E-4153-978D-D73D0490020D}.Debug|x86.Build.0 = Debug|Any CPU
		{AC908652-FB6E-4153-978D-D73D0490020D}.Release|Any CPU.ActiveCfg = Release|Any CPU
		{AC908652-FB6E-4153-978D-D73D0490020D}.Release|Any CPU.Build.0 = Release|Any CPU
		{AC908652-FB6E-4153-978D-D73D0490020D}.Release|x64.ActiveCfg = Release|Any CPU
		{AC908652-FB6E-4153-978D-D73D0490020D}.Release|x64.Build.0 = Release|Any CPU
		{AC908652-FB6E-4153-978D-D73D0490020D}.Release|x86.ActiveCfg = Release|Any CPU
		{AC908652-FB6E-4153-978D-D73D0490020D}.Release|x86.Build.0 = Release|Any CPU
	EndGlobalSection
	GlobalSection(NestedProjects) = preSolution
		{2331E01B-CFB9-4DBE-997F-606D9289FC19} = {011216DA-75B3-4FC3-B65B-7EA2C41087B2}
		{AC908652-FB6E-4153-978D-D73D0490020D} = {E6012CD9-BE09-4BDD-B079-431E78FD85AC}
	EndGlobalSection
EndGlobal
